
Microsoft Visual Studio Solution File, Format Version 12.00
# Visual Studio Version 16
VisualStudioVersion = 16.0.32630.194
MinimumVisualStudioVersion = 10.0.40219.1
Project("{FAE04EC0-301F-11D3-BF4B-00C04F79EFBC}") = "MovieAdvisor", "MovieAdvisor\MovieAdvisor.csproj", "{034ABBDF-C8E5-478C-A499-E68BF48B846E}"
EndProject
Global
	GlobalSection(SolutionConfigurationPlatforms) = preSolution
		Debug|Any CPU = Debug|Any CPU
		Release|Any CPU = Release|Any CPU
	EndGlobalSection
	GlobalSection(ProjectConfigurationPlatforms) = postSolution
		{034ABBDF-C8E5-478C-A499-E68BF48B846E}.Debug|Any CPU.ActiveCfg = Debug|Any CPU
		{034ABBDF-C8E5-478C-A499-E68BF48B846E}.Debug|Any CPU.Build.0 = Debug|Any CPU
		{034ABBDF-C8E5-478C-A499-E68BF48B846E}.Release|Any CPU.ActiveCfg = Release|Any CPU
		{034ABBDF-C8E5-478C-A499-E68BF48B846E}.Release|Any CPU.Build.0 = Release|Any CPU
	EndGlobalSection
	GlobalSection(SolutionProperties) = preSolution
		HideSolutionNode = FALSE
	EndGlobalSection
	GlobalSection(ExtensibilityGlobals) = postSolution
		SolutionGuid = {535C49CF-0413-4DE6-B2EF-828CBFF18437}
	EndGlobalSection
EndGlobal
